
Microsoft Visual Studio Solution File, Format Version 12.00
# Visual Studio Version 17
VisualStudioVersion = 17.11.35222.181
MinimumVisualStudioVersion = 10.0.40219.1
Project("{C9674DCB-5085-4A16-B785-4C70DD1589BD}") = "CreateSalesDataMart", "CreateSalesDataMart.dtproj", "{A8B3CDA3-B491-488F-B7E8-787667DED74A}"
EndProject
Global
	GlobalSection(SolutionConfigurationPlatforms) = preSolution
		Development|Default = Development|Default
	EndGlobalSection
	GlobalSection(ProjectConfigurationPlatforms) = postSolution
		{A8B3CDA3-B491-488F-B7E8-787667DED74A}.Development|Default.ActiveCfg = Development
		{A8B3CDA3-B491-488F-B7E8-787667DED74A}.Development|Default.Build.0 = Development
	EndGlobalSection
	GlobalSection(SolutionProperties) = preSolution
		HideSolutionNode = FALSE
	EndGlobalSection
	GlobalSection(ExtensibilityGlobals) = postSolution
		SolutionGuid = {EC1511BD-89C4-4978-BF36-A165AD8ACFF7}
	EndGlobalSection
EndGlobal
